{
  "version": "v0.0.10_4",
  "lockfileVersion": 1,
  "requires": true,
  "dependencies": {
    "domino": {
      "version": "2.1.6",
      "resolved": "https://registry.npmmirror.com/domino/-/domino-2.1.6.tgz",
      "integrity": "sha512-3VdM/SXBZX2omc9JF9nOPCtDaYQ67BGp5CoLpIQlO2KCAPETs8TcDHacF26jXadGbvUteZzRTeos2fhID5+ucQ=="
    },
    "mp-html": {
      "version": "2.4.2",
      "resolved": "https://registry.npmmirror.com/mp-html/-/mp-html-2.4.2.tgz",
      "integrity": "sha512-MSfJh5ckuaI2uibeO4qiUl2e/j5fpXy6cmW/ZzSkb+U3rTJfMSNzODqrDwG0YWOd8BVI+tD9/jLZiBhJbMupUg=="
    },
    "turndown": {
      "version": "7.1.2",
      "resolved": "https://registry.npmmirror.com/turndown/-/turndown-7.1.2.tgz",
      "integrity": "sha512-ntI9R7fcUKjqBP6QU8rBK2Ehyt8LAzt3UBT9JR9tgo6GtuKvyUzpayWmeMKJw1DPdXzktvtIT8m2mVXz+bL/Qg==",
      "requires": {
        "domino": "^2.1.6"
      }
    }
  }
}
